
Microsoft Visual Studio Solution File, Format Version 12.00
# Visual Studio Version 17
VisualStudioVersion = 17.8.34330.188
MinimumVisualStudioVersion = 10.0.40219.1
Project("{FAE04EC0-301F-11D3-BF4B-00C04F79EFBC}") = "Repair_OrgTech", "Repair_OrgTech.csproj", "{EA4F8A7F-FD3D-48CF-AE96-0E9F1A8534D1}"
EndProject
Project("{FAE04EC0-301F-11D3-BF4B-00C04F79EFBC}") = "LoginFormTests", "..\LoginFormTests\LoginFormTests.csproj", "{972120F8-38BB-4626-894C-CF60EDE1F532}"
EndProject
Global
	GlobalSection(SolutionConfigurationPlatforms) = preSolution
		Debug|Any CPU = Debug|Any CPU
		Release|Any CPU = Release|Any CPU
	EndGlobalSection
	GlobalSection(ProjectConfigurationPlatforms) = postSolution
		{EA4F8A7F-FD3D-48CF-AE96-0E9F1A8534D1}.Debug|Any CPU.ActiveCfg = Debug|Any CPU
		{EA4F8A7F-FD3D-48CF-AE96-0E9F1A8534D1}.Debug|Any CPU.Build.0 = Debug|Any CPU
		{EA4F8A7F-FD3D-48CF-AE96-0E9F1A8534D1}.Release|Any CPU.ActiveCfg = Release|Any CPU
		{EA4F8A7F-FD3D-48CF-AE96-0E9F1A8534D1}.Release|Any CPU.Build.0 = Release|Any CPU
		{972120F8-38BB-4626-894C-CF60EDE1F532}.Debug|Any CPU.ActiveCfg = Debug|Any CPU
		{972120F8-38BB-4626-894C-CF60EDE1F532}.Debug|Any CPU.Build.0 = Debug|Any CPU
		{972120F8-38BB-4626-894C-CF60EDE1F532}.Release|Any CPU.ActiveCfg = Release|Any CPU
		{972120F8-38BB-4626-894C-CF60EDE1F532}.Release|Any CPU.Build.0 = Release|Any CPU
	EndGlobalSection
	GlobalSection(SolutionProperties) = preSolution
		HideSolutionNode = FALSE
	EndGlobalSection
	GlobalSection(ExtensibilityGlobals) = postSolution
		SolutionGuid = {EE7DA4AA-BA38-4C1D-ACE5-B5B9C2F7B7F8}
	EndGlobalSection
EndGlobal
